// !$*UTF8*$!
{
	archiveVersion = 1;
	classes = {
	};
	objectVersion = 56;
	objects = {

/* Begin PBXBuildFile section */
		28BFA59E2ACEA7C6006BA29A /* Salesman.swift in Sources */ = {isa = PBXBuildFile; fileRef = 28BFA59D2ACEA7C6006BA29A /* Salesman.swift */; };
		28BFA5A32ACEA8EB006BA29A /* SearchRepository.swift in Sources */ = {isa = PBXBuildFile; fileRef = 28BFA5A22ACEA8EB006BA29A /* SearchRepository.swift */; };
		28BFA9A32ACEABC8006BA29A /* SearchRepositoryTests.swift in Sources */ = {isa = PBXBuildFile; fileRef = 28BFA9A22ACEABC8006BA29A /* SearchRepositoryTests.swift */; };
		28F8D4852ACEA2CD0049D08A /* SalesmanFinderApp.swift in Sources */ = {isa = PBXBuildFile; fileRef = 28F8D4842ACEA2CD0049D08A /* SalesmanFinderApp.swift */; };
		28F8D4872ACEA2CD0049D08A /* ContentView.swift in Sources */ = {isa = PBXBuildFile; fileRef = 28F8D4862ACEA2CD0049D08A /* ContentView.swift */; };
		28F8D4892ACEA2CF0049D08A /* Assets.xcassets in Resources */ = {isa = PBXBuildFile; fileRef = 28F8D4882ACEA2CF0049D08A /* Assets.xcassets */; };
		28F8D48C2ACEA2CF0049D08A /* Preview Assets.xcassets in Resources */ = {isa = PBXBuildFile; fileRef = 28F8D48B2ACEA2CF0049D08A /* Preview Assets.xcassets */; };
		28F8D4962ACEA2CF0049D08A /* SalesmanFinderTests.swift in Sources */ = {isa = PBXBuildFile; fileRef = 28F8D4952ACEA2CF0049D08A /* SalesmanFinderTests.swift */; };
/* End PBXBuildFile section */

/* Begin PBXContainerItemProxy section */
		28F8D4922ACEA2CF0049D08A /* PBXContainerItemProxy */ = {
			isa = PBXContainerItemProxy;
			containerPortal = 28F8D4792ACEA2CD0049D08A /* Project object */;
			proxyType = 1;
			remoteGlobalIDString = 28F8D4802ACEA2CD0049D08A;
			remoteInfo = SalesmanFinder;
		};
/* End PBXContainerItemProxy section */

/* Begin PBXFileReference section */
		28BFA59D2ACEA7C6006BA29A /* Salesman.swift */ = {isa = PBXFileReference; lastKnownFileType = sourcecode.swift; path = Salesman.swift; sourceTree = "<group>"; };
		28BFA5A22ACEA8EB006BA29A /* SearchRepository.swift */ = {isa = PBXFileReference; lastKnownFileType = sourcecode.swift; path = SearchRepository.swift; sourceTree = "<group>"; };
		28BFA9A22ACEABC8006BA29A /* SearchRepositoryTests.swift */ = {isa = PBXFileReference; lastKnownFileType = sourcecode.swift; path = SearchRepositoryTests.swift; sourceTree = "<group>"; };
		28F8D4812ACEA2CD0049D08A /* SalesmanFinder.app */ = {isa = PBXFileReference; explicitFileType = wrapper.application; includeInIndex = 0; path = SalesmanFinder.app; sourceTree = BUILT_PRODUCTS_DIR; };
		28F8D4842ACEA2CD0049D08A /* SalesmanFinderApp.swift */ = {isa = PBXFileReference; lastKnownFileType = sourcecode.swift; path = SalesmanFinderApp.swift; sourceTree = "<group>"; };
		28F8D4862ACEA2CD0049D08A /* ContentView.swift */ = {isa = PBXFileReference; lastKnownFileType = sourcecode.swift; path = ContentView.swift; sourceTree = "<group>"; };
		28F8D4882ACEA2CF0049D08A /* Assets.xcassets */ = {isa = PBXFileReference; lastKnownFileType = folder.assetcatalog; path = Assets.xcassets; sourceTree = "<group>"; };
		28F8D48B2ACEA2CF0049D08A /* Preview Assets.xcassets */ = {isa = PBXFileReference; lastKnownFileType = folder.assetcatalog; path = "Preview Assets.xcassets"; sourceTree = "<group>"; };
		28F8D4912ACEA2CF0049D08A /* SalesmanFinderTests.xctest */ = {isa = PBXFileReference; explicitFileType = wrapper.cfbundle; includeInIndex = 0; path = SalesmanFinderTests.xctest; sourceTree = BUILT_PRODUCTS_DIR; };
		28F8D4952ACEA2CF0049D08A /* SalesmanFinderTests.swift */ = {isa = PBXFileReference; lastKnownFileType = sourcecode.swift; path = SalesmanFinderTests.swift; sourceTree = "<group>"; };
/* End PBXFileReference section */

/* Begin PBXFrameworksBuildPhase section */
		28F8D47E2ACEA2CD0049D08A /* Frameworks */ = {
			isa = PBXFrameworksBuildPhase;
			buildActionMask = 2147483647;
			files = (
			);
			runOnlyForDeploymentPostprocessing = 0;
		};
		28F8D48E2ACEA2CF0049D08A /* Frameworks */ = {
			isa = PBXFrameworksBuildPhase;
			buildActionMask = 2147483647;
			files = (
			);
			runOnlyForDeploymentPostprocessing = 0;
		};
/* End PBXFrameworksBuildPhase section */

/* Begin PBXGroup section */
		28BFA59C2ACEA79A006BA29A /* Model */ = {
			isa = PBXGroup;
			children = (
				28BFA59D2ACEA7C6006BA29A /* Salesman.swift */,
			);
			path = Model;
			sourceTree = "<group>";
		};
		28BFA5A02ACEA8D3006BA29A /* Scenes */ = {
			isa = PBXGroup;
			children = (
				28BFA5A12ACEA8DA006BA29A /* Search */,
			);
			path = Scenes;
			sourceTree = "<group>";
		};
		28BFA5A12ACEA8DA006BA29A /* Search */ = {
			isa = PBXGroup;
			children = (
				28BFA5A22ACEA8EB006BA29A /* SearchRepository.swift */,
			);
			path = Search;
			sourceTree = "<group>";
		};
		28BFA9A02ACEABAD006BA29A /* Scenes */ = {
			isa = PBXGroup;
			children = (
				28BFA9A12ACEABB1006BA29A /* Search */,
			);
			path = Scenes;
			sourceTree = "<group>";
		};
		28BFA9A12ACEABB1006BA29A /* Search */ = {
			isa = PBXGroup;
			children = (
				28BFA9A22ACEABC8006BA29A /* SearchRepositoryTests.swift */,
			);
			path = Search;
			sourceTree = "<group>";
		};
		28F8D4782ACEA2CD0049D08A = {
			isa = PBXGroup;
			children = (
				28F8D4832ACEA2CD0049D08A /* SalesmanFinder */,
				28F8D4942ACEA2CF0049D08A /* SalesmanFinderTests */,
				28F8D4822ACEA2CD0049D08A /* Products */,
			);
			sourceTree = "<group>";
		};
		28F8D4822ACEA2CD0049D08A /* Products */ = {
			isa = PBXGroup;
			children = (
				28F8D4812ACEA2CD0049D08A /* SalesmanFinder.app */,
				28F8D4912ACEA2CF0049D08A /* SalesmanFinderTests.xctest */,
			);
			name = Products;
			sourceTree = "<group>";
		};
		28F8D4832ACEA2CD0049D08A /* SalesmanFinder */ = {
			isa = PBXGroup;
			children = (
				28BFA5A02ACEA8D3006BA29A /* Scenes */,
				28BFA59C2ACEA79A006BA29A /* Model */,
				28F8D4842ACEA2CD0049D08A /* SalesmanFinderApp.swift */,
				28F8D4862ACEA2CD0049D08A /* ContentView.swift */,
				28F8D4882ACEA2CF0049D08A /* Assets.xcassets */,
				28F8D48A2ACEA2CF0049D08A /* Preview Content */,
			);
			path = SalesmanFinder;
			sourceTree = "<group>";
		};
		28F8D48A2ACEA2CF0049D08A /* Preview Content */ = {
			isa = PBXGroup;
			children = (
				28F8D48B2ACEA2CF0049D08A /* Preview Assets.xcassets */,
			);
			path = "Preview Content";
			sourceTree = "<group>";
		};
		28F8D4942ACEA2CF0049D08A /* SalesmanFinderTests */ = {
			isa = PBXGroup;
			children = (
				28BFA9A02ACEABAD006BA29A /* Scenes */,
				28F8D4952ACEA2CF0049D08A /* SalesmanFinderTests.swift */,
			);
			path = SalesmanFinderTests;
			sourceTree = "<group>";
		};
/* End PBXGroup section */

/* Begin PBXNativeTarget section */
		28F8D4802ACEA2CD0049D08A /* SalesmanFinder */ = {
			isa = PBXNativeTarget;
			buildConfigurationList = 28F8D4A52ACEA2CF0049D08A /* Build configuration list for PBXNativeTarget "SalesmanFinder" */;
			buildPhases = (
				28F8D47D2ACEA2CD0049D08A /* Sources */,
				28F8D47E2ACEA2CD0049D08A /* Frameworks */,
				28F8D47F2ACEA2CD0049D08A /* Resources */,
			);
			buildRules = (
			);
			dependencies = (
			);
			name = SalesmanFinder;
			productName = SalesmanFinder;
			productReference = 28F8D4812ACEA2CD0049D08A /* SalesmanFinder.app */;
			productType = "com.apple.product-type.application";
		};
		28F8D4902ACEA2CF0049D08A /* SalesmanFinderTests */ = {
			isa = PBXNativeTarget;
			buildConfigurationList = 28F8D4A82ACEA2CF0049D08A /* Build configuration list for PBXNativeTarget "SalesmanFinderTests" */;
			buildPhases = (
				28F8D48D2ACEA2CF0049D08A /* Sources */,
				28F8D48E2ACEA2CF0049D08A /* Frameworks */,
				28F8D48F2ACEA2CF0049D08A /* Resources */,
			);
			buildRules = (
			);
			dependencies = (
				28F8D4932ACEA2CF0049D08A /* PBXTargetDependency */,
			);
			name = SalesmanFinderTests;
			productName = SalesmanFinderTests;
			productReference = 28F8D4912ACEA2CF0049D08A /* SalesmanFinderTests.xctest */;
			productType = "com.apple.product-type.bundle.unit-test";
		};
/* End PBXNativeTarget section */

/* Begin PBXProject section */
		28F8D4792ACEA2CD0049D08A /* Project object */ = {
			isa = PBXProject;
			attributes = {
				BuildIndependentTargetsInParallel = 1;
				LastSwiftUpdateCheck = 1500;
				LastUpgradeCheck = 1500;
				TargetAttributes = {
					28F8D4802ACEA2CD0049D08A = {
						CreatedOnToolsVersion = 15.0;
					};
					28F8D4902ACEA2CF0049D08A = {
						CreatedOnToolsVersion = 15.0;
						TestTargetID = 28F8D4802ACEA2CD0049D08A;
					};
				};
			};
			buildConfigurationList = 28F8D47C2ACEA2CD0049D08A /* Build configuration list for PBXProject "SalesmanFinder" */;
			compatibilityVersion = "Xcode 14.0";
			developmentRegion = en;
			hasScannedForEncodings = 0;
			knownRegions = (
				en,
				Base,
			);
			mainGroup = 28F8D4782ACEA2CD0049D08A;
			productRefGroup = 28F8D4822ACEA2CD0049D08A /* Products */;
			projectDirPath = "";
			projectRoot = "";
			targets = (
				28F8D4802ACEA2CD0049D08A /* SalesmanFinder */,
				28F8D4902ACEA2CF0049D08A /* SalesmanFinderTests */,
			);
		};
/* End PBXProject section */

/* Begin PBXResourcesBuildPhase section */
		28F8D47F2ACEA2CD0049D08A /* Resources */ = {
			isa = PBXResourcesBuildPhase;
			buildActionMask = 2147483647;
			files = (
				28F8D48C2ACEA2CF0049D08A /* Preview Assets.xcassets in Resources */,
				28F8D4892ACEA2CF0049D08A /* Assets.xcassets in Resources */,
			);
			runOnlyForDeploymentPostprocessing = 0;
		};
		28F8D48F2ACEA2CF0049D08A /* Resources */ = {
			isa = PBXResourcesBuildPhase;
			buildActionMask = 2147483647;
			files = (
			);
			runOnlyForDeploymentPostprocessing = 0;
		};
/* End PBXResourcesBuildPhase section */

/* Begin PBXSourcesBuildPhase section */
		28F8D47D2ACEA2CD0049D08A /* Sources */ = {
			isa = PBXSourcesBuildPhase;
			buildActionMask = 2147483647;
			files = (
				28BFA59E2ACEA7C6006BA29A /* Salesman.swift in Sources */,
				28F8D4872ACEA2CD0049D08A /* ContentView.swift in Sources */,
				28F8D4852ACEA2CD0049D08A /* SalesmanFinderApp.swift in Sources */,
				28BFA5A32ACEA8EB006BA29A /* SearchRepository.swift in Sources */,
			);
			runOnlyForDeploymentPostprocessing = 0;
		};
		28F8D48D2ACEA2CF0049D08A /* Sources */ = {
			isa = PBXSourcesBuildPhase;
			buildActionMask = 2147483647;
			files = (
				28F8D4962ACEA2CF0049D08A /* SalesmanFinderTests.swift in Sources */,
				28BFA9A32ACEABC8006BA29A /* SearchRepositoryTests.swift in Sources */,
			);
			runOnlyForDeploymentPostprocessing = 0;
		};
/* End PBXSourcesBuildPhase section */

/* Begin PBXTargetDependency section */
		28F8D4932ACEA2CF0049D08A /* PBXTargetDependency */ = {
			isa = PBXTargetDependency;
			target = 28F8D4802ACEA2CD0049D08A /* SalesmanFinder */;
			targetProxy = 28F8D4922ACEA2CF0049D08A /* PBXContainerItemProxy */;
		};
/* End PBXTargetDependency section */

/* Begin XCBuildConfiguration section */
		28F8D4A32ACEA2CF0049D08A /* Debug */ = {
			isa = XCBuildConfiguration;
			buildSettings = {
				ALWAYS_SEARCH_USER_PATHS = NO;
				ASSETCATALOG_COMPILER_GENERATE_SWIFT_ASSET_SYMBOL_EXTENSIONS = YES;
				CLANG_ANALYZER_NONNULL = YES;
				CLANG_ANALYZER_NUMBER_OBJECT_CONVERSION = YES_AGGRESSIVE;
				CLANG_CXX_LANGUAGE_STANDARD = "gnu++20";
				CLANG_ENABLE_MODULES = YES;
				CLANG_ENABLE_OBJC_ARC = YES;
				CLANG_ENABLE_OBJC_WEAK = YES;
				CLANG_WARN_BLOCK_CAPTURE_AUTORELEASING = YES;
				CLANG_WARN_BOOL_CONVERSION = YES;
				CLANG_WARN_COMMA = YES;
				CLANG_WARN_CONSTANT_CONVERSION = YES;
				CLANG_WARN_DEPRECATED_OBJC_IMPLEMENTATIONS = YES;
				CLANG_WARN_DIRECT_OBJC_ISA_USAGE = YES_ERROR;
				CLANG_WARN_DOCUMENTATION_COMMENTS = YES;
				CLANG_WARN_EMPTY_BODY = YES;
				CLANG_WARN_ENUM_CONVERSION = YES;
				CLANG_WARN_INFINITE_RECURSION = YES;
				CLANG_WARN_INT_CONVERSION = YES;
				CLANG_WARN_NON_LITERAL_NULL_CONVERSION = YES;
				CLANG_WARN_OBJC_IMPLICIT_RETAIN_SELF = YES;
				CLANG_WARN_OBJC_LITERAL_CONVERSION = YES;
				CLANG_WARN_OBJC_ROOT_CLASS = YES_ERROR;
				CLANG_WARN_QUOTED_INCLUDE_IN_FRAMEWORK_HEADER = YES;
				CLANG_WARN_RANGE_LOOP_ANALYSIS = YES;
				CLANG_WARN_STRICT_PROTOTYPES = YES;
				CLANG_WARN_SUSPICIOUS_MOVE = YES;
				CLANG_WARN_UNGUARDED_AVAILABILITY = YES_AGGRESSIVE;
				CLANG_WARN_UNREACHABLE_CODE = YES;
				CLANG_WARN__DUPLICATE_METHOD_MATCH = YES;
				COPY_PHASE_STRIP = NO;
				DEBUG_INFORMATION_FORMAT = dwarf;
				ENABLE_STRICT_OBJC_MSGSEND = YES;
				ENABLE_TESTABILITY = YES;
				ENABLE_USER_SCRIPT_SANDBOXING = YES;
				GCC_C_LANGUAGE_STANDARD = gnu17;
				GCC_DYNAMIC_NO_PIC = NO;
				GCC_NO_COMMON_BLOCKS = YES;
				GCC_OPTIMIZATION_LEVEL = 0;
				GCC_PREPROCESSOR_DEFINITIONS = (
					"DEBUG=1",
					"$(inherited)",
				);
				GCC_WARN_64_TO_32_BIT_CONVERSION = YES;
				GCC_WARN_ABOUT_RETURN_TYPE = YES_ERROR;
				GCC_WARN_UNDECLARED_SELECTOR = YES;
				GCC_WARN_UNINITIALIZED_AUTOS = YES_AGGRESSIVE;
				GCC_WARN_UNUSED_FUNCTION = YES;
				GCC_WARN_UNUSED_VARIABLE = YES;
				IPHONEOS_DEPLOYMENT_TARGET = 17.0;
				LOCALIZATION_PREFERS_STRING_CATALOGS = YES;
				MTL_ENABLE_DEBUG_INFO = INCLUDE_SOURCE;
				MTL_FAST_MATH = YES;
				ONLY_ACTIVE_ARCH = YES;
				SDKROOT = iphoneos;
				SWIFT_ACTIVE_COMPILATION_CONDITIONS = "DEBUG $(inherited)";
				SWIFT_OPTIMIZATION_LEVEL = "-Onone";
			};
			name = Debug;
		};
		28F8D4A42ACEA2CF0049D08A /* Release */ = {
			isa = XCBuildConfiguration;
			buildSettings = {
				ALWAYS_SEARCH_USER_PATHS = NO;
				ASSETCATALOG_COMPILER_GENERATE_SWIFT_ASSET_SYMBOL_EXTENSIONS = YES;
				CLANG_ANALYZER_NONNULL = YES;
				CLANG_ANALYZER_NUMBER_OBJECT_CONVERSION = YES_AGGRESSIVE;
				CLANG_CXX_LANGUAGE_STANDARD = "gnu++20";
				CLANG_ENABLE_MODULES = YES;
				CLANG_ENABLE_OBJC_ARC = YES;
				CLANG_ENABLE_OBJC_WEAK = YES;
				CLANG_WARN_BLOCK_CAPTURE_AUTORELEASING = YES;
				CLANG_WARN_BOOL_CONVERSION = YES;
				CLANG_WARN_COMMA = YES;
				CLANG_WARN_CONSTANT_CONVERSION = YES;
				CLANG_WARN_DEPRECATED_OBJC_IMPLEMENTATIONS = YES;
				CLANG_WARN_DIRECT_OBJC_ISA_USAGE = YES_ERROR;
				CLANG_WARN_DOCUMENTATION_COMMENTS = YES;
				CLANG_WARN_EMPTY_BODY = YES;
				CLANG_WARN_ENUM_CONVERSION = YES;
				CLANG_WARN_INFINITE_RECURSION = YES;
				CLANG_WARN_INT_CONVERSION = YES;
				CLANG_WARN_NON_LITERAL_NULL_CONVERSION = YES;
				CLANG_WARN_OBJC_IMPLICIT_RETAIN_SELF = YES;
				CLANG_WARN_OBJC_LITERAL_CONVERSION = YES;
				CLANG_WARN_OBJC_ROOT_CLASS = YES_ERROR;
				CLANG_WARN_QUOTED_INCLUDE_IN_FRAMEWORK_HEADER = YES;
				CLANG_WARN_RANGE_LOOP_ANALYSIS = YES;
				CLANG_WARN_STRICT_PROTOTYPES = YES;
				CLANG_WARN_SUSPICIOUS_MOVE = YES;
				CLANG_WARN_UNGUARDED_AVAILABILITY = YES_AGGRESSIVE;
				CLANG_WARN_UNREACHABLE_CODE = YES;
				CLANG_WARN__DUPLICATE_METHOD_MATCH = YES;
				COPY_PHASE_STRIP = NO;
				DEBUG_INFORMATION_FORMAT = "dwarf-with-dsym";
				ENABLE_NS_ASSERTIONS = NO;
				ENABLE_STRICT_OBJC_MSGSEND = YES;
				ENABLE_USER_SCRIPT_SANDBOXING = YES;
				GCC_C_LANGUAGE_STANDARD = gnu17;
				GCC_NO_COMMON_BLOCKS = YES;
				GCC_WARN_64_TO_32_BIT_CONVERSION = YES;
				GCC_WARN_ABOUT_RETURN_TYPE = YES_ERROR;
				GCC_WARN_UNDECLARED_SELECTOR = YES;
				GCC_WARN_UNINITIALIZED_AUTOS = YES_AGGRESSIVE;
				GCC_WARN_UNUSED_FUNCTION = YES;
				GCC_WARN_UNUSED_VARIABLE = YES;
				IPHONEOS_DEPLOYMENT_TARGET = 17.0;
				LOCALIZATION_PREFERS_STRING_CATALOGS = YES;
				MTL_ENABLE_DEBUG_INFO = NO;
				MTL_FAST_MATH = YES;
				SDKROOT = iphoneos;
				SWIFT_COMPILATION_MODE = wholemodule;
				VALIDATE_PRODUCT = YES;
			};
			name = Release;
		};
		28F8D4A62ACEA2CF0049D08A /* Debug */ = {
			isa = XCBuildConfiguration;
			buildSettings = {
				ASSETCATALOG_COMPILER_APPICON_NAME = AppIcon;
				ASSETCATALOG_COMPILER_GLOBAL_ACCENT_COLOR_NAME = AccentColor;
				CODE_SIGN_STYLE = Automatic;
				CURRENT_PROJECT_VERSION = 1;
				DEVELOPMENT_ASSET_PATHS = "\"SalesmanFinder/Preview Content\"";
				ENABLE_PREVIEWS = YES;
				GENERATE_INFOPLIST_FILE = YES;
				INFOPLIST_KEY_UIApplicationSceneManifest_Generation = YES;
				INFOPLIST_KEY_UIApplicationSupportsIndirectInputEvents = YES;
				INFOPLIST_KEY_UILaunchScreen_Generation = YES;
				INFOPLIST_KEY_UIRequiresFullScreen = NO;
				INFOPLIST_KEY_UISupportedInterfaceOrientations = "UIInterfaceOrientationLandscapeLeft UIInterfaceOrientationLandscapeRight UIInterfaceOrientationPortrait";
				INFOPLIST_KEY_UISupportedInterfaceOrientations_iPad = "UIInterfaceOrientationLandscapeLeft UIInterfaceOrientationLandscapeRight UIInterfaceOrientationPortrait UIInterfaceOrientationPortraitUpsideDown";
				LD_RUNPATH_SEARCH_PATHS = (
					"$(inherited)",
					"@executable_path/Frameworks",
				);
				MARKETING_VERSION = 1.0;
				PRODUCT_BUNDLE_IDENTIFIER = de.fassbender.SalesmanFinder;
				PRODUCT_NAME = "$(TARGET_NAME)";
				SUPPORTED_PLATFORMS = "iphoneos iphonesimulator";
				SUPPORTS_MACCATALYST = NO;
				SUPPORTS_MAC_DESIGNED_FOR_IPHONE_IPAD = NO;
				SWIFT_EMIT_LOC_STRINGS = YES;
				SWIFT_VERSION = 5.0;
				TARGETED_DEVICE_FAMILY = 1;
			};
			name = Debug;
		};
		28F8D4A72ACEA2CF0049D08A /* Release */ = {
			isa = XCBuildConfiguration;
			buildSettings = {
				ASSETCATALOG_COMPILER_APPICON_NAME = AppIcon;
				ASSETCATALOG_COMPILER_GLOBAL_ACCENT_COLOR_NAME = AccentColor;
				CODE_SIGN_STYLE = Automatic;
				CURRENT_PROJECT_VERSION = 1;
				DEVELOPMENT_ASSET_PATHS = "\"SalesmanFinder/Preview Content\"";
				ENABLE_PREVIEWS = YES;
				GENERATE_INFOPLIST_FILE = YES;
				INFOPLIST_KEY_UIApplicationSceneManifest_Generation = YES;
				INFOPLIST_KEY_UIApplicationSupportsIndirectInputEvents = YES;
				INFOPLIST_KEY_UILaunchScreen_Generation = YES;
				INFOPLIST_KEY_UIRequiresFullScreen = NO;
				INFOPLIST_KEY_UISupportedInterfaceOrientations = "UIInterfaceOrientationLandscapeLeft UIInterfaceOrientationLandscapeRight UIInterfaceOrientationPortrait";
				INFOPLIST_KEY_UISupportedInterfaceOrientations_iPad = "UIInterfaceOrientationLandscapeLeft UIInterfaceOrientationLandscapeRight UIInterfaceOrientationPortrait UIInterfaceOrientationPortraitUpsideDown";
				LD_RUNPATH_SEARCH_PATHS = (
					"$(inherited)",
					"@executable_path/Frameworks",
				);
				MARKETING_VERSION = 1.0;
				PRODUCT_BUNDLE_IDENTIFIER = de.fassbender.SalesmanFinder;
				PRODUCT_NAME = "$(TARGET_NAME)";
				SUPPORTED_PLATFORMS = "iphoneos iphonesimulator";
				SUPPORTS_MACCATALYST = NO;
				SUPPORTS_MAC_DESIGNED_FOR_IPHONE_IPAD = NO;
				SWIFT_EMIT_LOC_STRINGS = YES;
				SWIFT_VERSION = 5.0;
				TARGETED_DEVICE_FAMILY = 1;
			};
			name = Release;
		};
		28F8D4A92ACEA2CF0049D08A /* Debug */ = {
			isa = XCBuildConfiguration;
			buildSettings = {
				ALWAYS_EMBED_SWIFT_STANDARD_LIBRARIES = YES;
				BUNDLE_LOADER = "$(TEST_HOST)";
				CODE_SIGN_STYLE = Automatic;
				CURRENT_PROJECT_VERSION = 1;
				GENERATE_INFOPLIST_FILE = YES;
				IPHONEOS_DEPLOYMENT_TARGET = 17.0;
				MARKETING_VERSION = 1.0;
				PRODUCT_BUNDLE_IDENTIFIER = de.fassbender.SalesmanFinderTests;
				PRODUCT_NAME = "$(TARGET_NAME)";
				SUPPORTED_PLATFORMS = "iphoneos iphonesimulator";
				SUPPORTS_MACCATALYST = NO;
				SUPPORTS_MAC_DESIGNED_FOR_IPHONE_IPAD = NO;
				SWIFT_EMIT_LOC_STRINGS = NO;
				SWIFT_VERSION = 5.0;
				TARGETED_DEVICE_FAMILY = 1;
				TEST_HOST = "$(BUILT_PRODUCTS_DIR)/SalesmanFinder.app/$(BUNDLE_EXECUTABLE_FOLDER_PATH)/SalesmanFinder";
			};
			name = Debug;
		};
		28F8D4AA2ACEA2CF0049D08A /* Release */ = {
			isa = XCBuildConfiguration;
			buildSettings = {
				ALWAYS_EMBED_SWIFT_STANDARD_LIBRARIES = YES;
				BUNDLE_LOADER = "$(TEST_HOST)";
				CODE_SIGN_STYLE = Automatic;
				CURRENT_PROJECT_VERSION = 1;
				GENERATE_INFOPLIST_FILE = YES;
				IPHONEOS_DEPLOYMENT_TARGET = 17.0;
				MARKETING_VERSION = 1.0;
				PRODUCT_BUNDLE_IDENTIFIER = de.fassbender.SalesmanFinderTests;
				PRODUCT_NAME = "$(TARGET_NAME)";
				SUPPORTED_PLATFORMS = "iphoneos iphonesimulator";
				SUPPORTS_MACCATALYST = NO;
				SUPPORTS_MAC_DESIGNED_FOR_IPHONE_IPAD = NO;
				SWIFT_EMIT_LOC_STRINGS = NO;
				SWIFT_VERSION = 5.0;
				TARGETED_DEVICE_FAMILY = 1;
				TEST_HOST = "$(BUILT_PRODUCTS_DIR)/SalesmanFinder.app/$(BUNDLE_EXECUTABLE_FOLDER_PATH)/SalesmanFinder";
			};
			name = Release;
		};
/* End XCBuildConfiguration section */

/* Begin XCConfigurationList section */
		28F8D47C2ACEA2CD0049D08A /* Build configuration list for PBXProject "SalesmanFinder" */ = {
			isa = XCConfigurationList;
			buildConfigurations = (
				28F8D4A32ACEA2CF0049D08A /* Debug */,
				28F8D4A42ACEA2CF0049D08A /* Release */,
			);
			defaultConfigurationIsVisible = 0;
			defaultConfigurationName = Release;
		};
		28F8D4A52ACEA2CF0049D08A /* Build configuration list for PBXNativeTarget "SalesmanFinder" */ = {
			isa = XCConfigurationList;
			buildConfigurations = (
				28F8D4A62ACEA2CF0049D08A /* Debug */,
				28F8D4A72ACEA2CF0049D08A /* Release */,
			);
			defaultConfigurationIsVisible = 0;
			defaultConfigurationName = Release;
		};
		28F8D4A82ACEA2CF0049D08A /* Build configuration list for PBXNativeTarget "SalesmanFinderTests" */ = {
			isa = XCConfigurationList;
			buildConfigurations = (
				28F8D4A92ACEA2CF0049D08A /* Debug */,
				28F8D4AA2ACEA2CF0049D08A /* Release */,
			);
			defaultConfigurationIsVisible = 0;
			defaultConfigurationName = Release;
		};
/* End XCConfigurationList section */
	};
	rootObject = 28F8D4792ACEA2CD0049D08A /* Project object */;
}
